
Microsoft Visual Studio Solution File, Format Version 12.00
# Visual Studio 2015
Project("{FAE04EC0-301F-11D3-BF4B-00C04F79EFBC}") = "Equinox.CSharp", "Equinox.CSharp.csproj", "{875C47CD-3E58-BEC2-E4EF-F217547381C0}"
EndProject
Global
	GlobalSection(SolutionConfigurationPlatforms) = preSolution
		Debug|Any CPU = Debug|Any CPU
		Release|Any CPU = Release|Any CPU
	EndGlobalSection
	GlobalSection(ProjectConfigurationPlatforms) = postSolution
		{875C47CD-3E58-BEC2-E4EF-F217547381C0}.Debug|Any CPU.ActiveCfg = Debug|Any CPU
		{875C47CD-3E58-BEC2-E4EF-F217547381C0}.Debug|Any CPU.Build.0 = Debug|Any CPU
		{875C47CD-3E58-BEC2-E4EF-F217547381C0}.Release|Any CPU.ActiveCfg = Release|Any CPU
		{875C47CD-3E58-BEC2-E4EF-F217547381C0}.Release|Any CPU.Build.0 = Release|Any CPU
	EndGlobalSection
	GlobalSection(SolutionProperties) = preSolution
		HideSolutionNode = FALSE
	EndGlobalSection
EndGlobal
